// !$*UTF8*$!
{
	archiveVersion = 1;
	classes = {
	};
	objectVersion = 46;
	objects = {

/* Begin PBXBuildFile section */
		E51969951E789289004B1010 /* CalculatorBrain.swift in Sources */ = {isa = PBXBuildFile; fileRef = E51969941E789289004B1010 /* CalculatorBrain.swift */; };
		E55626DA1E4523C9008D9615 /* AppDelegate.swift in Sources */ = {isa = PBXBuildFile; fileRef = E55626D91E4523C9008D9615 /* AppDelegate.swift */; };
		E55626DC1E4523C9008D9615 /* ViewController.swift in Sources */ = {isa = PBXBuildFile; fileRef = E55626DB1E4523C9008D9615 /* ViewController.swift */; };
		E55626DF1E4523C9008D9615 /* Main.storyboard in Resources */ = {isa = PBXBuildFile; fileRef = E55626DD1E4523C9008D9615 /* Main.storyboard */; };
		E55626E11E4523C9008D9615 /* Assets.xcassets in Resources */ = {isa = PBXBuildFile; fileRef = E55626E01E4523C9008D9615 /* Assets.xcassets */; };
		E55626E41E4523C9008D9615 /* LaunchScreen.storyboard in Resources */ = {isa = PBXBuildFile; fileRef = E55626E21E4523C9008D9615 /* LaunchScreen.storyboard */; };
/* End PBXBuildFile section */

/* Begin PBXFileReference section */
		E51969941E789289004B1010 /* CalculatorBrain.swift */ = {isa = PBXFileReference; fileEncoding = 4; lastKnownFileType = sourcecode.swift; path = CalculatorBrain.swift; sourceTree = "<group>"; };
		E55626D61E4523C9008D9615 /* Calculator.app */ = {isa = PBXFileReference; explicitFileType = wrapper.application; includeInIndex = 0; path = Calculator.app; sourceTree = BUILT_PRODUCTS_DIR; };
		E55626D91E4523C9008D9615 /* AppDelegate.swift */ = {isa = PBXFileReference; lastKnownFileType = sourcecode.swift; path = AppDelegate.swift; sourceTree = "<group>"; };
		E55626DB1E4523C9008D9615 /* ViewController.swift */ = {isa = PBXFileReference; lastKnownFileType = sourcecode.swift; path = ViewController.swift; sourceTree = "<group>"; };
		E55626DE1E4523C9008D9615 /* Base */ = {isa = PBXFileReference; lastKnownFileType = file.storyboard; name = Base; path = Base.lproj/Main.storyboard; sourceTree = "<group>"; };
		E55626E01E4523C9008D9615 /* Assets.xcassets */ = {isa = PBXFileReference; lastKnownFileType = folder.assetcatalog; path = Assets.xcassets; sourceTree = "<group>"; };
		E55626E31E4523C9008D9615 /* Base */ = {isa = PBXFileReference; lastKnownFileType = file.storyboard; name = Base; path = Base.lproj/LaunchScreen.storyboard; sourceTree = "<group>"; };
		E55626E51E4523C9008D9615 /* Info.plist */ = {isa = PBXFileReference; lastKnownFileType = text.plist.xml; path = Info.plist; sourceTree = "<group>"; };
/* End PBXFileReference section */

/* Begin PBXFrameworksBuildPhase section */
		E55626D31E4523C8008D9615 /* Frameworks */ = {
			isa = PBXFrameworksBuildPhase;
			buildActionMask = 2147483647;
			files = (
			);
			runOnlyForDeploymentPostprocessing = 0;
		};
/* End PBXFrameworksBuildPhase section */

/* Begin PBXGroup section */
		E55626CD1E4523C8008D9615 = {
			isa = PBXGroup;
			children = (
				E55626D81E4523C9008D9615 /* Calculator */,
				E55626D71E4523C9008D9615 /* Products */,
			);
			sourceTree = "<group>";
		};
		E55626D71E4523C9008D9615 /* Products */ = {
			isa = PBXGroup;
			children = (
				E55626D61E4523C9008D9615 /* Calculator.app */,
			);
			name = Products;
			sourceTree = "<group>";
		};
		E55626D81E4523C9008D9615 /* Calculator */ = {
			isa = PBXGroup;
			children = (
				E55626DB1E4523C9008D9615 /* ViewController.swift */,
				E55626DD1E4523C9008D9615 /* Main.storyboard */,
				E51969941E789289004B1010 /* CalculatorBrain.swift */,
				E55626EB1E452576008D9615 /* Supporting Files */,
			);
			path = Calculator;
			sourceTree = "<group>";
		};
		E55626EB1E452576008D9615 /* Supporting Files */ = {
			isa = PBXGroup;
			children = (
				E55626D91E4523C9008D9615 /* AppDelegate.swift */,
				E55626E01E4523C9008D9615 /* Assets.xcassets */,
				E55626E21E4523C9008D9615 /* LaunchScreen.storyboard */,
				E55626E51E4523C9008D9615 /* Info.plist */,
			);
			name = "Supporting Files";
			sourceTree = "<group>";
		};
/* End PBXGroup section */

/* Begin PBXNativeTarget section */
		E55626D51E4523C8008D9615 /* Calculator */ = {
			isa = PBXNativeTarget;
			buildConfigurationList = E55626E81E4523C9008D9615 /* Build configuration list for PBXNativeTarget "Calculator" */;
			buildPhases = (
				E55626D21E4523C8008D9615 /* Sources */,
				E55626D31E4523C8008D9615 /* Frameworks */,
				E55626D41E4523C8008D9615 /* Resources */,
			);
			buildRules = (
			);
			dependencies = (
			);
			name = Calculator;
			productName = Calculator;
			productReference = E55626D61E4523C9008D9615 /* Calculator.app */;
			productType = "com.apple.product-type.application";
		};
/* End PBXNativeTarget section */

/* Begin PBXProject section */
		E55626CE1E4523C8008D9615 /* Project object */ = {
			isa = PBXProject;
			attributes = {
				LastSwiftUpdateCheck = 0820;
				LastUpgradeCheck = 0820;
				ORGANIZATIONNAME = "Roger Zhang";
				TargetAttributes = {
					E55626D51E4523C8008D9615 = {
						CreatedOnToolsVersion = 8.2.1;
						DevelopmentTeam = ZJTAWBB63J;
						ProvisioningStyle = Automatic;
					};
				};
			};
			buildConfigurationList = E55626D11E4523C8008D9615 /* Build configuration list for PBXProject "Calculator" */;
			compatibilityVersion = "Xcode 3.2";
			developmentRegion = English;
			hasScannedForEncodings = 0;
			knownRegions = (
				en,
				Base,
			);
			mainGroup = E55626CD1E4523C8008D9615;
			productRefGroup = E55626D71E4523C9008D9615 /* Products */;
			projectDirPath = "";
			projectRoot = "";
			targets = (
				E55626D51E4523C8008D9615 /* Calculator */,
			);
		};
/* End PBXProject section */

/* Begin PBXResourcesBuildPhase section */
		E55626D41E4523C8008D9615 /* Resources */ = {
			isa = PBXResourcesBuildPhase;
			buildActionMask = 2147483647;
			files = (
				E55626E41E4523C9008D9615 /* LaunchScreen.storyboard in Resources */,
				E55626E11E4523C9008D9615 /* Assets.xcassets in Resources */,
				E55626DF1E4523C9008D9615 /* Main.storyboard in Resources */,
			);
			runOnlyForDeploymentPostprocessing = 0;
		};
/* End PBXResourcesBuildPhase section */

/* Begin PBXSourcesBuildPhase section */
		E55626D21E4523C8008D9615 /* Sources */ = {
			isa = PBXSourcesBuildPhase;
			buildActionMask = 2147483647;
			files = (
				E51969951E789289004B1010 /* CalculatorBrain.swift in Sources */,
				E55626DC1E4523C9008D9615 /* ViewController.swift in Sources */,
				E55626DA1E4523C9008D9615 /* AppDelegate.swift in Sources */,
			);
			runOnlyForDeploymentPostprocessing = 0;
		};
/* End PBXSourcesBuildPhase section */

/* Begin PBXVariantGroup section */
		E55626DD1E4523C9008D9615 /* Main.storyboard */ = {
			isa = PBXVariantGroup;
			children = (
				E55626DE1E4523C9008D9615 /* Base */,
			);
			name = Main.storyboard;
			sourceTree = "<group>";
		};
		E55626E21E4523C9008D9615 /* LaunchScreen.storyboard */ = {
			isa = PBXVariantGroup;
			children = (
				E55626E31E4523C9008D9615 /* Base */,
			);
			name = LaunchScreen.storyboard;
			sourceTree = "<group>";
		};
/* End PBXVariantGroup section */

/* Begin XCBuildConfiguration section */
		E55626E61E4523C9008D9615 /* Debug */ = {
			isa = XCBuildConfiguration;
			buildSettings = {
				ALWAYS_SEARCH_USER_PATHS = NO;
				CLANG_ANALYZER_NONNULL = YES;
				CLANG_CXX_LANGUAGE_STANDARD = "gnu++0x";
				CLANG_CXX_LIBRARY = "libc++";
				CLANG_ENABLE_MODULES = YES;
				CLANG_ENABLE_OBJC_ARC = YES;
				CLANG_WARN_BOOL_CONVERSION = YES;
				CLANG_WARN_CONSTANT_CONVERSION = YES;
				CLANG_WARN_DIRECT_OBJC_ISA_USAGE = YES_ERROR;
				CLANG_WARN_DOCUMENTATION_COMMENTS = YES;
				CLANG_WARN_EMPTY_BODY = YES;
				CLANG_WARN_ENUM_CONVERSION = YES;
				CLANG_WARN_INFINITE_RECURSION = YES;
				CLANG_WARN_INT_CONVERSION = YES;
				CLANG_WARN_OBJC_ROOT_CLASS = YES_ERROR;
				CLANG_WARN_SUSPICIOUS_MOVE = YES;
				CLANG_WARN_UNREACHABLE_CODE = YES;
				CLANG_WARN__DUPLICATE_METHOD_MATCH = YES;
				"CODE_SIGN_IDENTITY[sdk=iphoneos*]" = "iPhone Developer";
				COPY_PHASE_STRIP = NO;
				DEBUG_INFORMATION_FORMAT = dwarf;
				ENABLE_STRICT_OBJC_MSGSEND = YES;
				ENABLE_TESTABILITY = YES;
				GCC_C_LANGUAGE_STANDARD = gnu99;
				GCC_DYNAMIC_NO_PIC = NO;
				GCC_NO_COMMON_BLOCKS = YES;
				GCC_OPTIMIZATION_LEVEL = 0;
				GCC_PREPROCESSOR_DEFINITIONS = (
					"DEBUG=1",
					"$(inherited)",
				);
				GCC_WARN_64_TO_32_BIT_CONVERSION = YES;
				GCC_WARN_ABOUT_RETURN_TYPE = YES_ERROR;
				GCC_WARN_UNDECLARED_SELECTOR = YES;
				GCC_WARN_UNINITIALIZED_AUTOS = YES_AGGRESSIVE;
				GCC_WARN_UNUSED_FUNCTION = YES;
				GCC_WARN_UNUSED_VARIABLE = YES;
				IPHONEOS_DEPLOYMENT_TARGET = 10.2;
				MTL_ENABLE_DEBUG_INFO = YES;
				ONLY_ACTIVE_ARCH = YES;
				SDKROOT = iphoneos;
				SWIFT_ACTIVE_COMPILATION_CONDITIONS = DEBUG;
				SWIFT_OPTIMIZATION_LEVEL = "-Onone";
				TARGETED_DEVICE_FAMILY = "1,2";
			};
			name = Debug;
		};
		E55626E71E4523C9008D9615 /* Release */ = {
			isa = XCBuildConfiguration;
			buildSettings = {
				ALWAYS_SEARCH_USER_PATHS = NO;
				CLANG_ANALYZER_NONNULL = YES;
				CLANG_CXX_LANGUAGE_STANDARD = "gnu++0x";
				CLANG_CXX_LIBRARY = "libc++";
				CLANG_ENABLE_MODULES = YES;
				CLANG_ENABLE_OBJC_ARC = YES;
				CLANG_WARN_BOOL_CONVERSION = YES;
				CLANG_WARN_CONSTANT_CONVERSION = YES;
				CLANG_WARN_DIRECT_OBJC_ISA_USAGE = YES_ERROR;
				CLANG_WARN_DOCUMENTATION_COMMENTS = YES;
				CLANG_WARN_EMPTY_BODY = YES;
				CLANG_WARN_ENUM_CONVERSION = YES;
				CLANG_WARN_INFINITE_RECURSION = YES;
				CLANG_WARN_INT_CONVERSION = YES;
				CLANG_WARN_OBJC_ROOT_CLASS = YES_ERROR;
				CLANG_WARN_SUSPICIOUS_MOVE = YES;
				CLANG_WARN_UNREACHABLE_CODE = YES;
				CLANG_WARN__DUPLICATE_METHOD_MATCH = YES;
				"CODE_SIGN_IDENTITY[sdk=iphoneos*]" = "iPhone Developer";
				COPY_PHASE_STRIP = NO;
				DEBUG_INFORMATION_FORMAT = "dwarf-with-dsym";
				ENABLE_NS_ASSERTIONS = NO;
				ENABLE_STRICT_OBJC_MSGSEND = YES;
				GCC_C_LANGUAGE_STANDARD = gnu99;
				GCC_NO_COMMON_BLOCKS = YES;
				GCC_WARN_64_TO_32_BIT_CONVERSION = YES;
				GCC_WARN_ABOUT_RETURN_TYPE = YES_ERROR;
				GCC_WARN_UNDECLARED_SELECTOR = YES;
				GCC_WARN_UNINITIALIZED_AUTOS = YES_AGGRESSIVE;
				GCC_WARN_UNUSED_FUNCTION = YES;
				GCC_WARN_UNUSED_VARIABLE = YES;
				IPHONEOS_DEPLOYMENT_TARGET = 10.2;
				MTL_ENABLE_DEBUG_INFO = NO;
				SDKROOT = iphoneos;
				SWIFT_OPTIMIZATION_LEVEL = "-Owholemodule";
				TARGETED_DEVICE_FAMILY = "1,2";
				VALIDATE_PRODUCT = YES;
			};
			name = Release;
		};
		E55626E91E4523C9008D9615 /* Debug */ = {
			isa = XCBuildConfiguration;
			buildSettings = {
				ASSETCATALOG_COMPILER_APPICON_NAME = AppIcon;
				DEVELOPMENT_TEAM = ZJTAWBB63J;
				INFOPLIST_FILE = Calculator/Info.plist;
				IPHONEOS_DEPLOYMENT_TARGET = 9.3;
				LD_RUNPATH_SEARCH_PATHS = "$(inherited) @executable_path/Frameworks";
				PRODUCT_BUNDLE_IDENTIFIER = edu.stanford.cs193p.rogerzhang.Calculator;
				PRODUCT_NAME = "$(TARGET_NAME)";
				SWIFT_VERSION = 3.0;
			};
			name = Debug;
		};
		E55626EA1E4523C9008D9615 /* Release */ = {
			isa = XCBuildConfiguration;
			buildSettings = {
				ASSETCATALOG_COMPILER_APPICON_NAME = AppIcon;
				DEVELOPMENT_TEAM = ZJTAWBB63J;
				INFOPLIST_FILE = Calculator/Info.plist;
				IPHONEOS_DEPLOYMENT_TARGET = 9.3;
				LD_RUNPATH_SEARCH_PATHS = "$(inherited) @executable_path/Frameworks";
				PRODUCT_BUNDLE_IDENTIFIER = edu.stanford.cs193p.rogerzhang.Calculator;
				PRODUCT_NAME = "$(TARGET_NAME)";
				SWIFT_VERSION = 3.0;
			};
			name = Release;
		};
/* End XCBuildConfiguration section */

/* Begin XCConfigurationList section */
		E55626D11E4523C8008D9615 /* Build configuration list for PBXProject "Calculator" */ = {
			isa = XCConfigurationList;
			buildConfigurations = (
				E55626E61E4523C9008D9615 /* Debug */,
				E55626E71E4523C9008D9615 /* Release */,
			);
			defaultConfigurationIsVisible = 0;
			defaultConfigurationName = Release;
		};
		E55626E81E4523C9008D9615 /* Build configuration list for PBXNativeTarget "Calculator" */ = {
			isa = XCConfigurationList;
			buildConfigurations = (
				E55626E91E4523C9008D9615 /* Debug */,
				E55626EA1E4523C9008D9615 /* Release */,
			);
			defaultConfigurationIsVisible = 0;
			defaultConfigurationName = Release;
		};
/* End XCConfigurationList section */
	};
	rootObject = E55626CE1E4523C8008D9615 /* Project object */;
}
